
Microsoft Visual Studio Solution File, Format Version 12.00
# Visual Studio Version 16
VisualStudioVersion = 16.0.31424.327
MinimumVisualStudioVersion = 10.0.40219.1
Project("{FAE04EC0-301F-11D3-BF4B-00C04F79EFBC}") = "gyakorlat_9", "gyakorlat_9\gyakorlat_9.csproj", "{EE22B496-C210-46CA-90BE-DDA14B7503FB}"
EndProject
Global
	GlobalSection(SolutionConfigurationPlatforms) = preSolution
		Debug|Any CPU = Debug|Any CPU
		Release|Any CPU = Release|Any CPU
	EndGlobalSection
	GlobalSection(ProjectConfigurationPlatforms) = postSolution
		{EE22B496-C210-46CA-90BE-DDA14B7503FB}.Debug|Any CPU.ActiveCfg = Debug|Any CPU
		{EE22B496-C210-46CA-90BE-DDA14B7503FB}.Debug|Any CPU.Build.0 = Debug|Any CPU
		{EE22B496-C210-46CA-90BE-DDA14B7503FB}.Release|Any CPU.ActiveCfg = Release|Any CPU
		{EE22B496-C210-46CA-90BE-DDA14B7503FB}.Release|Any CPU.Build.0 = Release|Any CPU
	EndGlobalSection
	GlobalSection(SolutionProperties) = preSolution
		HideSolutionNode = FALSE
	EndGlobalSection
	GlobalSection(ExtensibilityGlobals) = postSolution
		SolutionGuid = {D8D4EC8A-205B-4892-A6FB-50A1DE546CED}
	EndGlobalSection
EndGlobal
