
Microsoft Visual Studio Solution File, Format Version 12.00
# Visual Studio Version 16
VisualStudioVersion = 16.0.31424.327
MinimumVisualStudioVersion = 10.0.40219.1
Project("{FAE04EC0-301F-11D3-BF4B-00C04F79EFBC}") = "gyakorlat_3", "gyakorlat_3\gyakorlat_3.csproj", "{0B362300-6908-473A-8090-67D6A5AB80FA}"
EndProject
Global
	GlobalSection(SolutionConfigurationPlatforms) = preSolution
		Debug|Any CPU = Debug|Any CPU
		Release|Any CPU = Release|Any CPU
	EndGlobalSection
	GlobalSection(ProjectConfigurationPlatforms) = postSolution
		{0B362300-6908-473A-8090-67D6A5AB80FA}.Debug|Any CPU.ActiveCfg = Debug|Any CPU
		{0B362300-6908-473A-8090-67D6A5AB80FA}.Debug|Any CPU.Build.0 = Debug|Any CPU
		{0B362300-6908-473A-8090-67D6A5AB80FA}.Release|Any CPU.ActiveCfg = Release|Any CPU
		{0B362300-6908-473A-8090-67D6A5AB80FA}.Release|Any CPU.Build.0 = Release|Any CPU
	EndGlobalSection
	GlobalSection(SolutionProperties) = preSolution
		HideSolutionNode = FALSE
	EndGlobalSection
	GlobalSection(ExtensibilityGlobals) = postSolution
		SolutionGuid = {2CA6D88D-A41C-47C1-B4A7-6A131A4E3E13}
	EndGlobalSection
EndGlobal
